
Microsoft Visual Studio Solution File, Format Version 12.00
# Visual Studio Version 17
VisualStudioVersion = 17.10.35013.160
MinimumVisualStudioVersion = 10.0.40219.1
Project("{FAE04EC0-301F-11D3-BF4B-00C04F79EFBC}") = "DataGetFunctions", "DataGetFunctions\DataGetFunctions.csproj", "{2F4D0DA7-258C-4817-A216-D4ED83F0510E}"
EndProject
Global
	GlobalSection(SolutionConfigurationPlatforms) = preSolution
		Debug|Any CPU = Debug|Any CPU
		Release|Any CPU = Release|Any CPU
	EndGlobalSection
	GlobalSection(ProjectConfigurationPlatforms) = postSolution
		{2F4D0DA7-258C-4817-A216-D4ED83F0510E}.Debug|Any CPU.ActiveCfg = Debug|Any CPU
		{2F4D0DA7-258C-4817-A216-D4ED83F0510E}.Debug|Any CPU.Build.0 = Debug|Any CPU
		{2F4D0DA7-258C-4817-A216-D4ED83F0510E}.Release|Any CPU.ActiveCfg = Release|Any CPU
		{2F4D0DA7-258C-4817-A216-D4ED83F0510E}.Release|Any CPU.Build.0 = Release|Any CPU
	EndGlobalSection
	GlobalSection(SolutionProperties) = preSolution
		HideSolutionNode = FALSE
	EndGlobalSection
	GlobalSection(ExtensibilityGlobals) = postSolution
		SolutionGuid = {6DC5E80F-8249-4760-B997-6B63A5FE4A69}
	EndGlobalSection
EndGlobal
